{
  "name": "@rmenke/css-tokenizer-tests",
  "version": "1.1.3",
  "lockfileVersion": 3,
  "requires": true,
  "packages": {
    "": {
      "name": "@rmenke/css-tokenizer-tests",
      "version": "1.1.3",
      "license": "MIT",
      "devDependencies": {
        "@csstools/css-tokenizer": "^2.0.0",
        "@csstools/tokenizer": "^3.1.0",
        "css-tree": "^2.3.1",
        "csslex": "^1.0.2",
        "parse-css": "github:tabatkins/parse-css",
        "postcss": "^8.4.20"
      }
    },
    "node_modules/@csstools/css-tokenizer": {
      "version": "2.1.1",
      "resolved": "https://registry.npmjs.org/@csstools/css-tokenizer/-/css-tokenizer-2.1.1.tgz",
      "integrity": "sha512-GbrTj2Z8MCTUv+52GE0RbFGM527xuXZ0Xa5g0Z+YN573uveS4G0qi6WNOMyz3yrFM/jaILTTwJ0+umx81EzqfA==",
      "dev": true,
      "engines": {
        "node": "^14 || ^16 || >=18"
      },
      "funding": {
        "type": "opencollective",
        "url": "https://opencollective.com/csstools"
      }
    },
    "node_modules/@csstools/tokenizer": {
      "version": "3.1.0",
      "resolved": "https://registry.npmjs.org/@csstools/tokenizer/-/tokenizer-3.1.0.tgz",
      "integrity": "sha512-4TEQYujec8VXb5md1DSDudHZmYnWdorAs3PO98OfwezonS1TEk3QHkeOwrmwCrKOKokSbFSNO+qZujDHdMuKwQ==",
      "dev": true,
      "engines": {
        "node": ">= 12"
      }
    },
    "node_modules/css-tree": {
      "version": "2.3.1",
      "resolved": "https://registry.npmjs.org/css-tree/-/css-tree-2.3.1.tgz",
      "integrity": "sha512-6Fv1DV/TYw//QF5IzQdqsNDjx/wc8TrMBZsqjL9eW01tWb7R7k/mq+/VXfJCl7SoD5emsJop9cOByJZfs8hYIw==",
      "dev": true,
      "dependencies": {
        "mdn-data": "2.0.30",
        "source-map-js": "^1.0.1"
      },
      "engines": {
        "node": "^10 || ^12.20.0 || ^14.13.0 || >=15.0.0"
      }
    },
    "node_modules/csslex": {
      "version": "1.0.3",
      "resolved": "https://registry.npmjs.org/csslex/-/csslex-1.0.3.tgz",
      "integrity": "sha512-Nw80WHhmuaMmMBTwVzLQA0mqUIJcOzUPYnDBn7VukVNydKfRz1nhrTBo7m4jTF+B/Zgqce1KiGX+3wm3mohLzQ==",
      "dev": true
    },
    "node_modules/mdn-data": {
      "version": "2.0.30",
      "resolved": "https://registry.npmjs.org/mdn-data/-/mdn-data-2.0.30.tgz",
      "integrity": "sha512-GaqWWShW4kv/G9IEucWScBx9G1/vsFZZJUO+tD26M8J8z3Kw5RDQjaoZe03YAClgeS/SWPOcb4nkFBTEi5DUEA==",
      "dev": true
    },
    "node_modules/nanoid": {
      "version": "3.3.6",
      "resolved": "https://registry.npmjs.org/nanoid/-/nanoid-3.3.6.tgz",
      "integrity": "sha512-BGcqMMJuToF7i1rt+2PWSNVnWIkGCU78jBG3RxO/bZlnZPK2Cmi2QaffxGO/2RvWi9sL+FAiRiXMgsyxQ1DIDA==",
      "dev": true,
      "funding": [
        {
          "type": "github",
          "url": "https://github.com/sponsors/ai"
        }
      ],
      "bin": {
        "nanoid": "bin/nanoid.cjs"
      },
      "engines": {
        "node": "^10 || ^12 || ^13.7 || ^14 || >=15.0.1"
      }
    },
    "node_modules/parse-css": {
      "version": "0.1.0",
      "resolved": "git+ssh://git@github.com/tabatkins/parse-css.git#0c4d5540274a9e5bcf599732a13ff7ec581264f9",
      "dev": true
    },
    "node_modules/picocolors": {
      "version": "1.0.0",
      "resolved": "https://registry.npmjs.org/picocolors/-/picocolors-1.0.0.tgz",
      "integrity": "sha512-1fygroTLlHu66zi26VoTDv8yRgm0Fccecssto+MhsZ0D/DGW2sm8E8AjW7NU5VVTRt5GxbeZ5qBuJr+HyLYkjQ==",
      "dev": true
    },
    "node_modules/postcss": {
      "version": "8.4.25",
      "resolved": "https://registry.npmjs.org/postcss/-/postcss-8.4.25.tgz",
      "integrity": "sha512-7taJ/8t2av0Z+sQEvNzCkpDynl0tX3uJMCODi6nT3PfASC7dYCWV9aQ+uiCf+KBD4SEFcu+GvJdGdwzQ6OSjCw==",
      "dev": true,
      "funding": [
        {
          "type": "opencollective",
          "url": "https://opencollective.com/postcss/"
        },
        {
          "type": "tidelift",
          "url": "https://tidelift.com/funding/github/npm/postcss"
        },
        {
          "type": "github",
          "url": "https://github.com/sponsors/ai"
        }
      ],
      "dependencies": {
        "nanoid": "^3.3.6",
        "picocolors": "^1.0.0",
        "source-map-js": "^1.0.2"
      },
      "engines": {
        "node": "^10 || ^12 || >=14"
      }
    },
    "node_modules/source-map-js": {
      "version": "1.0.2",
      "resolved": "https://registry.npmjs.org/source-map-js/-/source-map-js-1.0.2.tgz",
      "integrity": "sha512-R0XvVJ9WusLiqTCEiGCmICCMplcCkIwwR11mOSD9CR5u+IXYdiseeEuXCVAjS54zqwkLcPNnmU4OeJ6tUrWhDw==",
      "dev": true,
      "engines": {
        "node": ">=0.10.0"
      }
    }
  }
}
