{
  "name": "@rmenke/css-tokenizer-tests",
  "version": "1.3.0",
  "lockfileVersion": 3,
  "requires": true,
  "packages": {
    "": {
      "name": "@rmenke/css-tokenizer-tests",
      "version": "1.3.0",
      "license": "MIT",
      "devDependencies": {
        "@adguard/css-tokenizer": "^1.0.0",
        "@cdoublev/css": "github:cdoublev/css#cd52350140fa2b812867275f522cc1d94942a3dd",
        "@csstools/css-tokenizer": "^4.0.0",
        "@csstools/tokenizer": "^3.1.0",
        "@projectwallace/css-parser": "^0.13.3",
        "css-tree": "^3.0.0",
        "csslex": "^1.0.4",
        "parse-css": "github:tabatkins/parse-css",
        "postcss": "^8.4.20"
      }
    },
    "node_modules/@adguard/css-tokenizer": {
      "version": "1.2.0",
      "resolved": "https://registry.npmjs.org/@adguard/css-tokenizer/-/css-tokenizer-1.2.0.tgz",
      "integrity": "sha512-cUj5j/AU5z/T4//5M6KnIJBpykAY4QbDsoiQ2DaWX/r2XkepMkTb8DhIbUHJD/QLGEyLeQLpi+nlxAgf4NTRRQ==",
      "dev": true,
      "license": "MIT"
    },
    "node_modules/@cdoublev/css": {
      "version": "0.1.0",
      "resolved": "git+ssh://git@github.com/cdoublev/css.git#cd52350140fa2b812867275f522cc1d94942a3dd",
      "integrity": "sha512-nnE+r2naJI95cnwZn84zclbT0j4BQTO+KCvU3JvG4r8jsrAfTiGn7BZjg3X+d6ZKfeSPS4B6HzsoNVResVdOnw==",
      "dev": true,
      "license": "MIT",
      "dependencies": {
        "undici": "^7.16.0"
      },
      "engines": {
        "node": ">=24"
      }
    },
    "node_modules/@csstools/css-tokenizer": {
      "version": "4.0.0",
      "resolved": "https://registry.npmjs.org/@csstools/css-tokenizer/-/css-tokenizer-4.0.0.tgz",
      "integrity": "sha512-QxULHAm7cNu72w97JUNCBFODFaXpbDg+dP8b/oWFAZ2MTRppA3U00Y2L1HqaS4J6yBqxwa/Y3nMBaxVKbB/NsA==",
      "dev": true,
      "funding": [
        {
          "type": "github",
          "url": "https://github.com/sponsors/csstools"
        },
        {
          "type": "opencollective",
          "url": "https://opencollective.com/csstools"
        }
      ],
      "license": "MIT",
      "engines": {
        "node": ">=20.19.0"
      }
    },
    "node_modules/@csstools/tokenizer": {
      "version": "3.1.1",
      "resolved": "https://registry.npmjs.org/@csstools/tokenizer/-/tokenizer-3.1.1.tgz",
      "integrity": "sha512-OM2ZuAURQlKahWI/78SZWYSze4RIgQ3yqSw3Pk3NeO+oYjNCFnuj2VNiSdfmvT/tkOa8uJ+kieUUuaGJGEu7Kg==",
      "dev": true,
      "license": "CC0-1.0",
      "engines": {
        "node": ">= 12"
      }
    },
    "node_modules/@projectwallace/css-parser": {
      "version": "0.13.11",
      "resolved": "https://registry.npmjs.org/@projectwallace/css-parser/-/css-parser-0.13.11.tgz",
      "integrity": "sha512-UHGmnSX7u84IMWOuAiIf8YqHDirb6MXWriiHFPBJK3QqIEK5BuJ0R2/P42mWbcW2hZf25Kqwya8I6WDeFBL3XQ==",
      "dev": true,
      "license": "MIT"
    },
    "node_modules/css-tree": {
      "version": "3.2.1",
      "resolved": "https://registry.npmjs.org/css-tree/-/css-tree-3.2.1.tgz",
      "integrity": "sha512-X7sjQzceUhu1u7Y/ylrRZFU2FS6LRiFVp6rKLPg23y3x3c3DOKAwuXGDp+PAGjh6CSnCjYeAul8pcT8bAl+lSA==",
      "dev": true,
      "license": "MIT",
      "dependencies": {
        "mdn-data": "2.27.1",
        "source-map-js": "^1.2.1"
      },
      "engines": {
        "node": "^10 || ^12.20.0 || ^14.13.0 || >=15.0.0"
      }
    },
    "node_modules/csslex": {
      "version": "1.0.4",
      "resolved": "https://registry.npmjs.org/csslex/-/csslex-1.0.4.tgz",
      "integrity": "sha512-6wCloTTzhywR96n98ycyIASLE2Ebcks/xeV0UAI6DsdOhPzvrqydfe5lbfH6vnXO6pqiF2edZb6FE3SpXi4a9Q==",
      "dev": true,
      "license": "MIT"
    },
    "node_modules/mdn-data": {
      "version": "2.27.1",
      "resolved": "https://registry.npmjs.org/mdn-data/-/mdn-data-2.27.1.tgz",
      "integrity": "sha512-9Yubnt3e8A0OKwxYSXyhLymGW4sCufcLG6VdiDdUGVkPhpqLxlvP5vl1983gQjJl3tqbrM731mjaZaP68AgosQ==",
      "dev": true,
      "license": "CC0-1.0"
    },
    "node_modules/nanoid": {
      "version": "3.3.19",
      "resolved": "https://registry.npmjs.org/nanoid/-/nanoid-3.3.19.tgz",
      "integrity": "sha512-Y2tUNy4ouw6tq5oDSKeQYGOyhkUBhNOcGV/02KC+6kd9eDGqdZd++mjMiIDilrBYvjEnCYvVtsuHCuP+okSfug==",
      "dev": true,
      "funding": [
        {
          "type": "github",
          "url": "https://github.com/sponsors/ai"
        }
      ],
      "license": "MIT",
      "bin": {
        "nanoid": "bin/nanoid.cjs"
      },
      "engines": {
        "node": "^10 || ^12 || ^13.7 || ^14 || >=15.0.1"
      }
    },
    "node_modules/parse-css": {
      "version": "0.1.0",
      "resolved": "git+ssh://git@github.com/tabatkins/parse-css.git#3dfe12a9bb63b8762c3bfd37db4e3593aa39bd5e",
      "dev": true
    },
    "node_modules/picocolors": {
      "version": "1.1.1",
      "resolved": "https://registry.npmjs.org/picocolors/-/picocolors-1.1.1.tgz",
      "integrity": "sha512-xceH2snhtb5M9liqDsmEw56le376mTZkEX/jEb/RxNFyegNul7eNslCXP9FDj/Lcu0X8KEyMceP2ntpaHrDEVA==",
      "dev": true,
      "license": "ISC"
    },
    "node_modules/postcss": {
      "version": "8.5.28",
      "resolved": "https://registry.npmjs.org/postcss/-/postcss-8.5.28.tgz",
      "integrity": "sha512-RRuzqDtt5Y9h3quz5hWhK+TPnsmVs6WwSU6LkJMeY4HstUEDuYTG8UJSdawMRzmzAtV+KEoG8N3Qg2qLy5vM/A==",
      "dev": true,
      "funding": [
        {
          "type": "opencollective",
          "url": "https://opencollective.com/postcss/"
        },
        {
          "type": "tidelift",
          "url": "https://tidelift.com/funding/github/npm/postcss"
        },
        {
          "type": "github",
          "url": "https://github.com/sponsors/ai"
        }
      ],
      "license": "MIT",
      "dependencies": {
        "nanoid": "^3.3.18",
        "picocolors": "^1.1.1",
        "source-map-js": "^1.2.1"
      },
      "engines": {
        "node": "^10 || ^12 || >=14"
      }
    },
    "node_modules/source-map-js": {
      "version": "1.2.1",
      "resolved": "https://registry.npmjs.org/source-map-js/-/source-map-js-1.2.1.tgz",
      "integrity": "sha512-UXWMKhLOwVKb728IUtQPXxfYU+usdybtUrK/8uGE8CQMvrhOpwvzDBwj0QhSL7MQc7vIsISBG8VQ8+IDQxpfQA==",
      "dev": true,
      "license": "BSD-3-Clause",
      "engines": {
        "node": ">=0.10.0"
      }
    },
    "node_modules/undici": {
      "version": "7.29.1",
      "resolved": "https://registry.npmjs.org/undici/-/undici-7.29.1.tgz",
      "integrity": "sha512-RYONW2MeafgYlkVOKYKkA/Ag7BmXqgIWCa8t1m0JcxrQg9pI9lEqRhAOruOBCbAohOa/gkCF+iPi9hrgvTzu6Q==",
      "dev": true,
      "license": "MIT",
      "engines": {
        "node": ">=20.18.1"
      }
    }
  }
}
