{
  "name": "@rmenke/css-tokenizer-tests",
  "version": "1.2.0",
  "lockfileVersion": 3,
  "requires": true,
  "packages": {
    "": {
      "name": "@rmenke/css-tokenizer-tests",
      "version": "1.2.0",
      "license": "MIT",
      "devDependencies": {
        "@adguard/css-tokenizer": "^1.0.0",
        "@cdoublev/css": "github:cdoublev/css",
        "@csstools/css-tokenizer": "^3.0.0",
        "@csstools/tokenizer": "^3.1.0",
        "@projectwallace/css-parser": "^0.13.3",
        "css-tree": "^3.0.0",
        "csslex": "^1.0.4",
        "parse-css": "github:tabatkins/parse-css",
        "postcss": "^8.4.20"
      }
    },
    "node_modules/@adguard/css-tokenizer": {
      "version": "1.2.0",
      "resolved": "https://registry.npmjs.org/@adguard/css-tokenizer/-/css-tokenizer-1.2.0.tgz",
      "integrity": "sha512-cUj5j/AU5z/T4//5M6KnIJBpykAY4QbDsoiQ2DaWX/r2XkepMkTb8DhIbUHJD/QLGEyLeQLpi+nlxAgf4NTRRQ==",
      "dev": true,
      "license": "MIT"
    },
    "node_modules/@cdoublev/css": {
      "version": "0.1.0",
      "resolved": "git+ssh://git@github.com/cdoublev/css.git#fe37c08e85d4e0ae423e00be1cb23895d6f184f9",
      "dev": true,
      "license": "MIT",
      "dependencies": {
        "webidl2js": "^18.0.0"
      },
      "engines": {
        "node": ">= 22"
      }
    },
    "node_modules/@csstools/css-tokenizer": {
      "version": "3.0.3",
      "resolved": "https://registry.npmjs.org/@csstools/css-tokenizer/-/css-tokenizer-3.0.3.tgz",
      "integrity": "sha512-UJnjoFsmxfKUdNYdWgOB0mWUypuLvAfQPH1+pyvRJs6euowbFkFC6P13w1l8mJyi3vxYMxc9kld5jZEGRQs6bw==",
      "dev": true,
      "funding": [
        {
          "type": "github",
          "url": "https://github.com/sponsors/csstools"
        },
        {
          "type": "opencollective",
          "url": "https://opencollective.com/csstools"
        }
      ],
      "license": "MIT",
      "engines": {
        "node": ">=18"
      }
    },
    "node_modules/@csstools/tokenizer": {
      "version": "3.1.1",
      "resolved": "https://registry.npmjs.org/@csstools/tokenizer/-/tokenizer-3.1.1.tgz",
      "integrity": "sha512-OM2ZuAURQlKahWI/78SZWYSze4RIgQ3yqSw3Pk3NeO+oYjNCFnuj2VNiSdfmvT/tkOa8uJ+kieUUuaGJGEu7Kg==",
      "dev": true,
      "license": "CC0-1.0",
      "engines": {
        "node": ">= 12"
      }
    },
    "node_modules/@projectwallace/css-parser": {
      "version": "0.13.3",
      "resolved": "https://registry.npmjs.org/@projectwallace/css-parser/-/css-parser-0.13.3.tgz",
      "integrity": "sha512-R8fpw0gE3E3FMWeBKUf9WfktJJIkdLdBxMQJHlLEotEJRUIRCjSyxC0w/DsqtN1cJ4lI2I4ypAofPiTtWAB4Ww==",
      "dev": true,
      "license": "MIT"
    },
    "node_modules/css-tree": {
      "version": "3.1.0",
      "resolved": "https://registry.npmjs.org/css-tree/-/css-tree-3.1.0.tgz",
      "integrity": "sha512-0eW44TGN5SQXU1mWSkKwFstI/22X2bG1nYzZTYMAWjylYURhse752YgbE4Cx46AC+bAvI+/dYTPRk1LqSUnu6w==",
      "dev": true,
      "license": "MIT",
      "dependencies": {
        "mdn-data": "2.12.2",
        "source-map-js": "^1.0.1"
      },
      "engines": {
        "node": "^10 || ^12.20.0 || ^14.13.0 || >=15.0.0"
      }
    },
    "node_modules/csslex": {
      "version": "1.0.4",
      "resolved": "https://registry.npmjs.org/csslex/-/csslex-1.0.4.tgz",
      "integrity": "sha512-6wCloTTzhywR96n98ycyIASLE2Ebcks/xeV0UAI6DsdOhPzvrqydfe5lbfH6vnXO6pqiF2edZb6FE3SpXi4a9Q==",
      "dev": true,
      "license": "MIT"
    },
    "node_modules/mdn-data": {
      "version": "2.12.2",
      "resolved": "https://registry.npmjs.org/mdn-data/-/mdn-data-2.12.2.tgz",
      "integrity": "sha512-IEn+pegP1aManZuckezWCO+XZQDplx1366JoVhTpMpBB1sPey/SbveZQUosKiKiGYjg1wH4pMlNgXbCiYgihQA==",
      "dev": true,
      "license": "CC0-1.0"
    },
    "node_modules/nanoid": {
      "version": "3.3.11",
      "resolved": "https://registry.npmjs.org/nanoid/-/nanoid-3.3.11.tgz",
      "integrity": "sha512-N8SpfPUnUp1bK+PMYW8qSWdl9U+wwNWI4QKxOYDy9JAro3WMX7p2OeVRF9v+347pnakNevPmiHhNmZ2HbFA76w==",
      "dev": true,
      "funding": [
        {
          "type": "github",
          "url": "https://github.com/sponsors/ai"
        }
      ],
      "license": "MIT",
      "bin": {
        "nanoid": "bin/nanoid.cjs"
      },
      "engines": {
        "node": "^10 || ^12 || ^13.7 || ^14 || >=15.0.1"
      }
    },
    "node_modules/parse-css": {
      "version": "0.1.0",
      "resolved": "git+ssh://git@github.com/tabatkins/parse-css.git#3dfe12a9bb63b8762c3bfd37db4e3593aa39bd5e",
      "dev": true
    },
    "node_modules/picocolors": {
      "version": "1.1.1",
      "resolved": "https://registry.npmjs.org/picocolors/-/picocolors-1.1.1.tgz",
      "integrity": "sha512-xceH2snhtb5M9liqDsmEw56le376mTZkEX/jEb/RxNFyegNul7eNslCXP9FDj/Lcu0X8KEyMceP2ntpaHrDEVA==",
      "dev": true,
      "license": "ISC"
    },
    "node_modules/postcss": {
      "version": "8.5.3",
      "resolved": "https://registry.npmjs.org/postcss/-/postcss-8.5.3.tgz",
      "integrity": "sha512-dle9A3yYxlBSrt8Fu+IpjGT8SY8hN0mlaA6GY8t0P5PjIOZemULz/E2Bnm/2dcUOena75OTNkHI76uZBNUUq3A==",
      "dev": true,
      "funding": [
        {
          "type": "opencollective",
          "url": "https://opencollective.com/postcss/"
        },
        {
          "type": "tidelift",
          "url": "https://tidelift.com/funding/github/npm/postcss"
        },
        {
          "type": "github",
          "url": "https://github.com/sponsors/ai"
        }
      ],
      "license": "MIT",
      "dependencies": {
        "nanoid": "^3.3.8",
        "picocolors": "^1.1.1",
        "source-map-js": "^1.2.1"
      },
      "engines": {
        "node": "^10 || ^12 || >=14"
      }
    },
    "node_modules/prettier": {
      "version": "2.8.8",
      "resolved": "https://registry.npmjs.org/prettier/-/prettier-2.8.8.tgz",
      "integrity": "sha512-tdN8qQGvNjw4CHbY+XXk0JgCXn9QiF21a55rBe5LJAU+kDyC4WQn4+awm2Xfk2lQMk5fKup9XgzTZtGkjBdP9Q==",
      "dev": true,
      "license": "MIT",
      "bin": {
        "prettier": "bin-prettier.js"
      },
      "engines": {
        "node": ">=10.13.0"
      },
      "funding": {
        "url": "https://github.com/prettier/prettier?sponsor=1"
      }
    },
    "node_modules/source-map-js": {
      "version": "1.2.1",
      "resolved": "https://registry.npmjs.org/source-map-js/-/source-map-js-1.2.1.tgz",
      "integrity": "sha512-UXWMKhLOwVKb728IUtQPXxfYU+usdybtUrK/8uGE8CQMvrhOpwvzDBwj0QhSL7MQc7vIsISBG8VQ8+IDQxpfQA==",
      "dev": true,
      "license": "BSD-3-Clause",
      "engines": {
        "node": ">=0.10.0"
      }
    },
    "node_modules/webidl-conversions": {
      "version": "7.0.0",
      "resolved": "https://registry.npmjs.org/webidl-conversions/-/webidl-conversions-7.0.0.tgz",
      "integrity": "sha512-VwddBukDzu71offAQR975unBIGqfKZpM+8ZX6ySk8nYhVoo5CYaZyzt3YBvYtRtO+aoGlqxPg/B87NGVZ/fu6g==",
      "dev": true,
      "license": "BSD-2-Clause",
      "engines": {
        "node": ">=12"
      }
    },
    "node_modules/webidl2": {
      "version": "24.4.1",
      "resolved": "https://registry.npmjs.org/webidl2/-/webidl2-24.4.1.tgz",
      "integrity": "sha512-cPToqvZlxTAlaMucZyU28XtFLJz3XPdTdIWK/r3IaP1jfkjqne3OTniJS8DZqfzee1aBUQn80d6s2vYert50kg==",
      "dev": true,
      "license": "W3C",
      "engines": {
        "node": ">= 14"
      }
    },
    "node_modules/webidl2js": {
      "version": "18.0.1",
      "resolved": "https://registry.npmjs.org/webidl2js/-/webidl2js-18.0.1.tgz",
      "integrity": "sha512-A1W++0gKediWPl4eV44z2DXtPX+3w4mgSySyNYIzJHSGzi9tBVvh+co43WXLw8dSPdTQtcRgwu/+GLIt9rExTg==",
      "dev": true,
      "license": "MIT",
      "dependencies": {
        "prettier": "^2.8.8",
        "webidl-conversions": "^7.0.0",
        "webidl2": "^24.4.1"
      },
      "engines": {
        "node": ">=18"
      }
    }
  }
}
